
Microsoft Visual Studio Solution File, Format Version 12.00
# Visual Studio Version 16
VisualStudioVersion = 16.0.30413.136
MinimumVisualStudioVersion = 10.0.40219.1
Project("{FAE04EC0-301F-11D3-BF4B-00C04F79EFBC}") = "AI_ChatApp2.0_Client", "AI_ChatApp2.0\AI_ChatApp2.0_Client.csproj", "{DFC9B552-7007-41F2-9C31-33BB72CF84D7}"
EndProject
Project("{FAE04EC0-301F-11D3-BF4B-00C04F79EFBC}") = "AI_ChatApp2.0_Server", "AI_ChatApp2.0_Server\AI_ChatApp2.0_Server.csproj", "{97D34FC8-950F-4B64-86E6-21FD9288A2D3}"
EndProject
Project("{FAE04EC0-301F-11D3-BF4B-00C04F79EFBC}") = "SharedClasses", "SharedClasses\SharedClasses.csproj", "{2C6A49C5-5417-4780-979C-24C68BF495CC}"
EndProject
Global
	GlobalSection(SolutionConfigurationPlatforms) = preSolution
		Debug|Any CPU = Debug|Any CPU
		Release|Any CPU = Release|Any CPU
	EndGlobalSection
	GlobalSection(ProjectConfigurationPlatforms) = postSolution
		{DFC9B552-7007-41F2-9C31-33BB72CF84D7}.Debug|Any CPU.ActiveCfg = Debug|Any CPU
		{DFC9B552-7007-41F2-9C31-33BB72CF84D7}.Debug|Any CPU.Build.0 = Debug|Any CPU
		{DFC9B552-7007-41F2-9C31-33BB72CF84D7}.Release|Any CPU.ActiveCfg = Release|Any CPU
		{DFC9B552-7007-41F2-9C31-33BB72CF84D7}.Release|Any CPU.Build.0 = Release|Any CPU
		{97D34FC8-950F-4B64-86E6-21FD9288A2D3}.Debug|Any CPU.ActiveCfg = Debug|Any CPU
		{97D34FC8-950F-4B64-86E6-21FD9288A2D3}.Debug|Any CPU.Build.0 = Debug|Any CPU
		{97D34FC8-950F-4B64-86E6-21FD9288A2D3}.Release|Any CPU.ActiveCfg = Release|Any CPU
		{97D34FC8-950F-4B64-86E6-21FD9288A2D3}.Release|Any CPU.Build.0 = Release|Any CPU
		{2C6A49C5-5417-4780-979C-24C68BF495CC}.Debug|Any CPU.ActiveCfg = Debug|Any CPU
		{2C6A49C5-5417-4780-979C-24C68BF495CC}.Debug|Any CPU.Build.0 = Debug|Any CPU
		{2C6A49C5-5417-4780-979C-24C68BF495CC}.Release|Any CPU.ActiveCfg = Release|Any CPU
		{2C6A49C5-5417-4780-979C-24C68BF495CC}.Release|Any CPU.Build.0 = Release|Any CPU
	EndGlobalSection
	GlobalSection(SolutionProperties) = preSolution
		HideSolutionNode = FALSE
	EndGlobalSection
	GlobalSection(ExtensibilityGlobals) = postSolution
		SolutionGuid = {3D81440C-2392-4A8E-9A3D-0884C6295BDD}
	EndGlobalSection
EndGlobal
